
Microsoft Visual Studio Solution File, Format Version 12.00
# Visual Studio Version 17
VisualStudioVersion = 17.4.33205.214
MinimumVisualStudioVersion = 10.0.40219.1
Project("{9A19103F-16F7-4668-BE54-9A1E7A4F7556}") = "PreMailer.Net", "PreMailer.Net\PreMailer.Net.csproj", "{7B4A85FA-FA98-40FD-83B7-5E84C8853736}"
EndProject
Project("{9A19103F-16F7-4668-BE54-9A1E7A4F7556}") = "PreMailer.Net.Tests", "PreMailer.Net.Tests\PreMailer.Net.Tests.csproj", "{F5A0FED0-4A6C-49AA-B49E-C47A034D8098}"
EndProject
Project("{FAE04EC0-301F-11D3-BF4B-00C04F79EFBC}") = "Benchmarks", "Benchmarks\Benchmarks.csproj", "{FAF28642-7D4C-48E3-BAA4-AAD28E5A6847}"
EndProject
Global
	GlobalSection(SolutionConfigurationPlatforms) = preSolution
		Debug|Any CPU = Debug|Any CPU
		Release|Any CPU = Release|Any CPU
	EndGlobalSection
	GlobalSection(ProjectConfigurationPlatforms) = postSolution
		{7B4A85FA-FA98-40FD-83B7-5E84C8853736}.Debug|Any CPU.ActiveCfg = Debug|Any CPU
		{7B4A85FA-FA98-40FD-83B7-5E84C8853736}.Debug|Any CPU.Build.0 = Debug|Any CPU
		{7B4A85FA-FA98-40FD-83B7-5E84C8853736}.Release|Any CPU.ActiveCfg = Release|Any CPU
		{7B4A85FA-FA98-40FD-83B7-5E84C8853736}.Release|Any CPU.Build.0 = Release|Any CPU
		{F5A0FED0-4A6C-49AA-B49E-C47A034D8098}.Debug|Any CPU.ActiveCfg = Debug|Any CPU
		{F5A0FED0-4A6C-49AA-B49E-C47A034D8098}.Debug|Any CPU.Build.0 = Debug|Any CPU
		{F5A0FED0-4A6C-49AA-B49E-C47A034D8098}.Release|Any CPU.ActiveCfg = Release|Any CPU
		{F5A0FED0-4A6C-49AA-B49E-C47A034D8098}.Release|Any CPU.Build.0 = Release|Any CPU
		{FAF28642-7D4C-48E3-BAA4-AAD28E5A6847}.Debug|Any CPU.ActiveCfg = Debug|Any CPU
		{FAF28642-7D4C-48E3-BAA4-AAD28E5A6847}.Debug|Any CPU.Build.0 = Debug|Any CPU
		{FAF28642-7D4C-48E3-BAA4-AAD28E5A6847}.Release|Any CPU.ActiveCfg = Release|Any CPU
		{FAF28642-7D4C-48E3-BAA4-AAD28E5A6847}.Release|Any CPU.Build.0 = Release|Any CPU
	EndGlobalSection
	GlobalSection(SolutionProperties) = preSolution
		HideSolutionNode = FALSE
	EndGlobalSection
	GlobalSection(ExtensibilityGlobals) = postSolution
		SolutionGuid = {FBC52989-0CC3-40E9-8DB3-109FBC0B6C49}
	EndGlobalSection
EndGlobal
